{
  "version": 4,
  "terraform_version": "0.12.24",
  "serial": 1,
  "lineage": "b3453393-222a-f9a1-5f51-eba768a4b9ed",
  "outputs": {},
  "resources": [
    {
      "mode": "managed",
      "type": "cloudknox_role_policy",
      "name": "test-aws-policy",
      "provider": "provider.cloudknox",
      "instances": [
        {
          "schema_version": 0,
          "attributes": {
            "auth_system_info": {
              "id": "377596131774",
              "type": "AWS"
            },
            "filter_history_days": null,
            "filter_history_end_time_millis": 1592847573512,
            "filter_history_start_time_millis": 1585071573512,
            "filter_preserve_reads": null,
            "id": "test-aws-policy",
            "identity_ids": [
              "arn:aws:ec2:us-east-1:377596131774:instance/i-0a5e0048fb0237de0",
              "arn:aws:ec2:us-east-1:377596131774:instance/i-03689effa30f70329"
            ],
            "identity_type": "RESOURCE",
            "name": "test-aws-policy",
            "output_path": "./",
            "request_params_condition": null,
            "request_params_resource": null,
            "request_params_resources": null,
            "request_params_scope": null
          },
          "private": "bnVsbA=="
        }
      ]
    }
  ]
}
